
Microsoft Visual Studio Solution File, Format Version 12.00
# Visual Studio Version 17
VisualStudioVersion = 17.3.32922.545
MinimumVisualStudioVersion = 10.0.40219.1
Project("{FAE04EC0-301F-11D3-BF4B-00C04F79EFBC}") = "CoreApp", "CoreApp\CoreApp.csproj", "{AC21CDB1-2060-4F8F-98F8-B064F40F5F92}"
EndProject
Global
	GlobalSection(SolutionConfigurationPlatforms) = preSolution
		Debug|Any CPU = Debug|Any CPU
		Release|Any CPU = Release|Any CPU
	EndGlobalSection
	GlobalSection(ProjectConfigurationPlatforms) = postSolution
		{AC21CDB1-2060-4F8F-98F8-B064F40F5F92}.Debug|Any CPU.ActiveCfg = Debug|Any CPU
		{AC21CDB1-2060-4F8F-98F8-B064F40F5F92}.Debug|Any CPU.Build.0 = Debug|Any CPU
		{AC21CDB1-2060-4F8F-98F8-B064F40F5F92}.Release|Any CPU.ActiveCfg = Release|Any CPU
		{AC21CDB1-2060-4F8F-98F8-B064F40F5F92}.Release|Any CPU.Build.0 = Release|Any CPU
	EndGlobalSection
	GlobalSection(SolutionProperties) = preSolution
		HideSolutionNode = FALSE
	EndGlobalSection
	GlobalSection(ExtensibilityGlobals) = postSolution
		SolutionGuid = {E787FBA0-C667-4A25-9CAC-62E3D9502457}
	EndGlobalSection
EndGlobal
